
Microsoft Visual Studio Solution File, Format Version 12.00
# Visual Studio Version 16
VisualStudioVersion = 16.0.33927.289
MinimumVisualStudioVersion = 10.0.40219.1
Project("{FAE04EC0-301F-11D3-BF4B-00C04F79EFBC}") = "ConsoleApp1", "ConsoleApp1.csproj", "{43CB30C3-209C-4EF3-A49D-B74B80B1C41F}"
EndProject
Global
	GlobalSection(SolutionConfigurationPlatforms) = preSolution
		Debug|Any CPU = Debug|Any CPU
		Release|Any CPU = Release|Any CPU
	EndGlobalSection
	GlobalSection(ProjectConfigurationPlatforms) = postSolution
		{43CB30C3-209C-4EF3-A49D-B74B80B1C41F}.Debug|Any CPU.ActiveCfg = Debug|Any CPU
		{43CB30C3-209C-4EF3-A49D-B74B80B1C41F}.Debug|Any CPU.Build.0 = Debug|Any CPU
		{43CB30C3-209C-4EF3-A49D-B74B80B1C41F}.Release|Any CPU.ActiveCfg = Release|Any CPU
		{43CB30C3-209C-4EF3-A49D-B74B80B1C41F}.Release|Any CPU.Build.0 = Release|Any CPU
	EndGlobalSection
	GlobalSection(SolutionProperties) = preSolution
		HideSolutionNode = FALSE
	EndGlobalSection
	GlobalSection(ExtensibilityGlobals) = postSolution
		SolutionGuid = {67CA87E2-0524-431A-BBD7-9181BE0BFFA1}
	EndGlobalSection
EndGlobal
